
Microsoft Visual Studio Solution File, Format Version 12.00
# Visual Studio Version 16
VisualStudioVersion = 16.0.30907.101
MinimumVisualStudioVersion = 10.0.40219.1
Project("{FAE04EC0-301F-11D3-BF4B-00C04F79EFBC}") = "OyunTasarım", "OyunTasarım\OyunTasarım.csproj", "{86734177-0DEB-4388-90D0-297728647C9F}"
EndProject
Global
	GlobalSection(SolutionConfigurationPlatforms) = preSolution
		Debug|Any CPU = Debug|Any CPU
		Release|Any CPU = Release|Any CPU
	EndGlobalSection
	GlobalSection(ProjectConfigurationPlatforms) = postSolution
		{86734177-0DEB-4388-90D0-297728647C9F}.Debug|Any CPU.ActiveCfg = Debug|Any CPU
		{86734177-0DEB-4388-90D0-297728647C9F}.Debug|Any CPU.Build.0 = Debug|Any CPU
		{86734177-0DEB-4388-90D0-297728647C9F}.Release|Any CPU.ActiveCfg = Release|Any CPU
		{86734177-0DEB-4388-90D0-297728647C9F}.Release|Any CPU.Build.0 = Release|Any CPU
	EndGlobalSection
	GlobalSection(SolutionProperties) = preSolution
		HideSolutionNode = FALSE
	EndGlobalSection
	GlobalSection(ExtensibilityGlobals) = postSolution
		SolutionGuid = {5BD9634E-5DAA-41C5-A53E-3FAC275BF493}
	EndGlobalSection
EndGlobal
